
Microsoft Visual Studio Solution File, Format Version 12.00
# Visual Studio 15
VisualStudioVersion = 15.0.28307.489
MinimumVisualStudioVersion = 10.0.40219.1
Project("{FAE04EC0-301F-11D3-BF4B-00C04F79EFBC}") = "IOS Voip Notification Sender", "IOS Voip Notification Sender\IOS Voip Notification Sender.csproj", "{BD56BA0A-9D85-45C4-8A4B-4E58C3018313}"
EndProject
Global
	GlobalSection(SolutionConfigurationPlatforms) = preSolution
		Debug|Any CPU = Debug|Any CPU
		Release|Any CPU = Release|Any CPU
	EndGlobalSection
	GlobalSection(ProjectConfigurationPlatforms) = postSolution
		{BD56BA0A-9D85-45C4-8A4B-4E58C3018313}.Debug|Any CPU.ActiveCfg = Debug|Any CPU
		{BD56BA0A-9D85-45C4-8A4B-4E58C3018313}.Debug|Any CPU.Build.0 = Debug|Any CPU
		{BD56BA0A-9D85-45C4-8A4B-4E58C3018313}.Release|Any CPU.ActiveCfg = Release|Any CPU
		{BD56BA0A-9D85-45C4-8A4B-4E58C3018313}.Release|Any CPU.Build.0 = Release|Any CPU
	EndGlobalSection
	GlobalSection(SolutionProperties) = preSolution
		HideSolutionNode = FALSE
	EndGlobalSection
	GlobalSection(ExtensibilityGlobals) = postSolution
		SolutionGuid = {0A45614C-503A-47DC-9AE2-2D81BCC73EAA}
	EndGlobalSection
EndGlobal
